// !$*UTF8*$!
{
	archiveVersion = 1;
	classes = {
	};
	objectVersion = 46;
	objects = {

/* Begin PBXBuildFile section */
		1C242EA91C069664005627D9 /* AppDelegate.swift in Sources */ = {isa = PBXBuildFile; fileRef = 1C242EA81C069664005627D9 /* AppDelegate.swift */; };
		1C242EAB1C069664005627D9 /* ViewController.swift in Sources */ = {isa = PBXBuildFile; fileRef = 1C242EAA1C069664005627D9 /* ViewController.swift */; };
		1C242EAE1C069664005627D9 /* Main.storyboard in Resources */ = {isa = PBXBuildFile; fileRef = 1C242EAC1C069664005627D9 /* Main.storyboard */; };
		1C242EB01C069664005627D9 /* Assets.xcassets in Resources */ = {isa = PBXBuildFile; fileRef = 1C242EAF1C069664005627D9 /* Assets.xcassets */; };
		1C242EB31C069664005627D9 /* LaunchScreen.storyboard in Resources */ = {isa = PBXBuildFile; fileRef = 1C242EB11C069664005627D9 /* LaunchScreen.storyboard */; };
		1C242EBE1C069664005627D9 /* ParkingFinderTests.swift in Sources */ = {isa = PBXBuildFile; fileRef = 1C242EBD1C069664005627D9 /* ParkingFinderTests.swift */; };
		1C242EC91C069665005627D9 /* ParkingFinderUITests.swift in Sources */ = {isa = PBXBuildFile; fileRef = 1C242EC81C069665005627D9 /* ParkingFinderUITests.swift */; };
		1C242ED71C069714005627D9 /* darkbackground.png in Resources */ = {isa = PBXBuildFile; fileRef = 1C242ED61C069714005627D9 /* darkbackground.png */; };
		1C242EDC1C069C4F005627D9 /* logo.gif in Resources */ = {isa = PBXBuildFile; fileRef = 1C242EDB1C069C4F005627D9 /* logo.gif */; };
		1C242EDE1C069D32005627D9 /* power.jpeg in Resources */ = {isa = PBXBuildFile; fileRef = 1C242EDD1C069D32005627D9 /* power.jpeg */; };
		1C242EE41C069E98005627D9 /* button2.png in Resources */ = {isa = PBXBuildFile; fileRef = 1C242EE31C069E98005627D9 /* button2.png */; };
		1C242EE61C069F54005627D9 /* button.png in Resources */ = {isa = PBXBuildFile; fileRef = 1C242EE51C069F54005627D9 /* button.png */; };
		1C242EE81C069FD1005627D9 /* Drawing (2).png in Resources */ = {isa = PBXBuildFile; fileRef = 1C242EE71C069FD1005627D9 /* Drawing (2).png */; };
		1C242EEA1C06A05E005627D9 /* Drawing (3).png in Resources */ = {isa = PBXBuildFile; fileRef = 1C242EE91C06A05E005627D9 /* Drawing (3).png */; };
		1C242EEE1C06A3E5005627D9 /* Drawing (5).png in Resources */ = {isa = PBXBuildFile; fileRef = 1C242EED1C06A3E5005627D9 /* Drawing (5).png */; };
		1C242EF01C06A6CA005627D9 /* map.swift in Sources */ = {isa = PBXBuildFile; fileRef = 1C242EEF1C06A6CA005627D9 /* map.swift */; };
		1C242EF21C06A9AF005627D9 /* arrowforward.png in Resources */ = {isa = PBXBuildFile; fileRef = 1C242EF11C06A9AF005627D9 /* arrowforward.png */; };
		1C242EF41C06AA38005627D9 /* backarrow.png in Resources */ = {isa = PBXBuildFile; fileRef = 1C242EF31C06AA38005627D9 /* backarrow.png */; };
		1C242EF81C06AD60005627D9 /* Drawing (9).png in Resources */ = {isa = PBXBuildFile; fileRef = 1C242EF71C06AD60005627D9 /* Drawing (9).png */; };
		1C242EFA1C06AE69005627D9 /* Drawing (10).png in Resources */ = {isa = PBXBuildFile; fileRef = 1C242EF91C06AE69005627D9 /* Drawing (10).png */; };
/* End PBXBuildFile section */

/* Begin PBXContainerItemProxy section */
		1C242EBA1C069664005627D9 /* PBXContainerItemProxy */ = {
			isa = PBXContainerItemProxy;
			containerPortal = 1C242E9D1C069664005627D9 /* Project object */;
			proxyType = 1;
			remoteGlobalIDString = 1C242EA41C069664005627D9;
			remoteInfo = ParkingFinder;
		};
		1C242EC51C069665005627D9 /* PBXContainerItemProxy */ = {
			isa = PBXContainerItemProxy;
			containerPortal = 1C242E9D1C069664005627D9 /* Project object */;
			proxyType = 1;
			remoteGlobalIDString = 1C242EA41C069664005627D9;
			remoteInfo = ParkingFinder;
		};
/* End PBXContainerItemProxy section */

/* Begin PBXFileReference section */
		1C242EA51C069664005627D9 /* ParkingFinder.app */ = {isa = PBXFileReference; explicitFileType = wrapper.application; includeInIndex = 0; path = ParkingFinder.app; sourceTree = BUILT_PRODUCTS_DIR; };
		1C242EA81C069664005627D9 /* AppDelegate.swift */ = {isa = PBXFileReference; lastKnownFileType = sourcecode.swift; path = AppDelegate.swift; sourceTree = "<group>"; };
		1C242EAA1C069664005627D9 /* ViewController.swift */ = {isa = PBXFileReference; lastKnownFileType = sourcecode.swift; path = ViewController.swift; sourceTree = "<group>"; };
		1C242EAD1C069664005627D9 /* Base */ = {isa = PBXFileReference; lastKnownFileType = file.storyboard; name = Base; path = Base.lproj/Main.storyboard; sourceTree = "<group>"; };
		1C242EAF1C069664005627D9 /* Assets.xcassets */ = {isa = PBXFileReference; lastKnownFileType = folder.assetcatalog; path = Assets.xcassets; sourceTree = "<group>"; };
		1C242EB21C069664005627D9 /* Base */ = {isa = PBXFileReference; lastKnownFileType = file.storyboard; name = Base; path = Base.lproj/LaunchScreen.storyboard; sourceTree = "<group>"; };
		1C242EB41C069664005627D9 /* Info.plist */ = {isa = PBXFileReference; lastKnownFileType = text.plist.xml; path = Info.plist; sourceTree = "<group>"; };
		1C242EB91C069664005627D9 /* ParkingFinderTests.xctest */ = {isa = PBXFileReference; explicitFileType = wrapper.cfbundle; includeInIndex = 0; path = ParkingFinderTests.xctest; sourceTree = BUILT_PRODUCTS_DIR; };
		1C242EBD1C069664005627D9 /* ParkingFinderTests.swift */ = {isa = PBXFileReference; lastKnownFileType = sourcecode.swift; path = ParkingFinderTests.swift; sourceTree = "<group>"; };
		1C242EBF1C069664005627D9 /* Info.plist */ = {isa = PBXFileReference; lastKnownFileType = text.plist.xml; path = Info.plist; sourceTree = "<group>"; };
		1C242EC41C069665005627D9 /* ParkingFinderUITests.xctest */ = {isa = PBXFileReference; explicitFileType = wrapper.cfbundle; includeInIndex = 0; path = ParkingFinderUITests.xctest; sourceTree = BUILT_PRODUCTS_DIR; };
		1C242EC81C069665005627D9 /* ParkingFinderUITests.swift */ = {isa = PBXFileReference; lastKnownFileType = sourcecode.swift; path = ParkingFinderUITests.swift; sourceTree = "<group>"; };
		1C242ECA1C069665005627D9 /* Info.plist */ = {isa = PBXFileReference; lastKnownFileType = text.plist.xml; path = Info.plist; sourceTree = "<group>"; };
		1C242ED61C069714005627D9 /* darkbackground.png */ = {isa = PBXFileReference; lastKnownFileType = image.png; path = darkbackground.png; sourceTree = "<group>"; };
		1C242EDB1C069C4F005627D9 /* logo.gif */ = {isa = PBXFileReference; lastKnownFileType = image.gif; path = logo.gif; sourceTree = "<group>"; };
		1C242EDD1C069D32005627D9 /* power.jpeg */ = {isa = PBXFileReference; lastKnownFileType = image.jpeg; path = power.jpeg; sourceTree = "<group>"; };
		1C242EE31C069E98005627D9 /* button2.png */ = {isa = PBXFileReference; lastKnownFileType = image.png; path = button2.png; sourceTree = "<group>"; };
		1C242EE51C069F54005627D9 /* button.png */ = {isa = PBXFileReference; lastKnownFileType = image.png; path = button.png; sourceTree = "<group>"; };
		1C242EE71C069FD1005627D9 /* Drawing (2).png */ = {isa = PBXFileReference; lastKnownFileType = image.png; path = "Drawing (2).png"; sourceTree = "<group>"; };
		1C242EE91C06A05E005627D9 /* Drawing (3).png */ = {isa = PBXFileReference; lastKnownFileType = image.png; path = "Drawing (3).png"; sourceTree = "<group>"; };
		1C242EED1C06A3E5005627D9 /* Drawing (5).png */ = {isa = PBXFileReference; lastKnownFileType = image.png; path = "Drawing (5).png"; sourceTree = "<group>"; };
		1C242EEF1C06A6CA005627D9 /* map.swift */ = {isa = PBXFileReference; fileEncoding = 4; lastKnownFileType = sourcecode.swift; path = map.swift; sourceTree = "<group>"; };
		1C242EF11C06A9AF005627D9 /* arrowforward.png */ = {isa = PBXFileReference; lastKnownFileType = image.png; path = arrowforward.png; sourceTree = "<group>"; };
		1C242EF31C06AA38005627D9 /* backarrow.png */ = {isa = PBXFileReference; lastKnownFileType = image.png; path = backarrow.png; sourceTree = "<group>"; };
		1C242EF71C06AD60005627D9 /* Drawing (9).png */ = {isa = PBXFileReference; lastKnownFileType = image.png; path = "Drawing (9).png"; sourceTree = "<group>"; };
		1C242EF91C06AE69005627D9 /* Drawing (10).png */ = {isa = PBXFileReference; lastKnownFileType = image.png; path = "Drawing (10).png"; sourceTree = "<group>"; };
/* End PBXFileReference section */

/* Begin PBXFrameworksBuildPhase section */
		1C242EA21C069664005627D9 /* Frameworks */ = {
			isa = PBXFrameworksBuildPhase;
			buildActionMask = 2147483647;
			files = (
			);
			runOnlyForDeploymentPostprocessing = 0;
		};
		1C242EB61C069664005627D9 /* Frameworks */ = {
			isa = PBXFrameworksBuildPhase;
			buildActionMask = 2147483647;
			files = (
			);
			runOnlyForDeploymentPostprocessing = 0;
		};
		1C242EC11C069665005627D9 /* Frameworks */ = {
			isa = PBXFrameworksBuildPhase;
			buildActionMask = 2147483647;
			files = (
			);
			runOnlyForDeploymentPostprocessing = 0;
		};
/* End PBXFrameworksBuildPhase section */

/* Begin PBXGroup section */
		1C242E9C1C069664005627D9 = {
			isa = PBXGroup;
			children = (
				1C242EA71C069664005627D9 /* ParkingFinder */,
				1C242EBC1C069664005627D9 /* ParkingFinderTests */,
				1C242EC71C069665005627D9 /* ParkingFinderUITests */,
				1C242EA61C069664005627D9 /* Products */,
			);
			sourceTree = "<group>";
		};
		1C242EA61C069664005627D9 /* Products */ = {
			isa = PBXGroup;
			children = (
				1C242EA51C069664005627D9 /* ParkingFinder.app */,
				1C242EB91C069664005627D9 /* ParkingFinderTests.xctest */,
				1C242EC41C069665005627D9 /* ParkingFinderUITests.xctest */,
			);
			name = Products;
			sourceTree = "<group>";
		};
		1C242EA71C069664005627D9 /* ParkingFinder */ = {
			isa = PBXGroup;
			children = (
				1C242EA81C069664005627D9 /* AppDelegate.swift */,
				1C242EAA1C069664005627D9 /* ViewController.swift */,
				1C242EEF1C06A6CA005627D9 /* map.swift */,
				1C242EAC1C069664005627D9 /* Main.storyboard */,
				1C242EAF1C069664005627D9 /* Assets.xcassets */,
				1C242EB11C069664005627D9 /* LaunchScreen.storyboard */,
				1C242EB41C069664005627D9 /* Info.plist */,
				1C242ED81C069724005627D9 /* Images */,
			);
			path = ParkingFinder;
			sourceTree = "<group>";
		};
		1C242EBC1C069664005627D9 /* ParkingFinderTests */ = {
			isa = PBXGroup;
			children = (
				1C242EBD1C069664005627D9 /* ParkingFinderTests.swift */,
				1C242EBF1C069664005627D9 /* Info.plist */,
			);
			path = ParkingFinderTests;
			sourceTree = "<group>";
		};
		1C242EC71C069665005627D9 /* ParkingFinderUITests */ = {
			isa = PBXGroup;
			children = (
				1C242EC81C069665005627D9 /* ParkingFinderUITests.swift */,
				1C242ECA1C069665005627D9 /* Info.plist */,
			);
			path = ParkingFinderUITests;
			sourceTree = "<group>";
		};
		1C242ED81C069724005627D9 /* Images */ = {
			isa = PBXGroup;
			children = (
				1C242EDB1C069C4F005627D9 /* logo.gif */,
				1C242EDD1C069D32005627D9 /* power.jpeg */,
				1C242EE31C069E98005627D9 /* button2.png */,
				1C242EE51C069F54005627D9 /* button.png */,
				1C242EE71C069FD1005627D9 /* Drawing (2).png */,
				1C242EE91C06A05E005627D9 /* Drawing (3).png */,
				1C242EED1C06A3E5005627D9 /* Drawing (5).png */,
				1C242EF71C06AD60005627D9 /* Drawing (9).png */,
				1C242EF91C06AE69005627D9 /* Drawing (10).png */,
				1C242EF31C06AA38005627D9 /* backarrow.png */,
				1C242EF11C06A9AF005627D9 /* arrowforward.png */,
				1C242ED61C069714005627D9 /* darkbackground.png */,
			);
			name = Images;
			sourceTree = "<group>";
		};
/* End PBXGroup section */

/* Begin PBXNativeTarget section */
		1C242EA41C069664005627D9 /* ParkingFinder */ = {
			isa = PBXNativeTarget;
			buildConfigurationList = 1C242ECD1C069665005627D9 /* Build configuration list for PBXNativeTarget "ParkingFinder" */;
			buildPhases = (
				1C242EA11C069664005627D9 /* Sources */,
				1C242EA21C069664005627D9 /* Frameworks */,
				1C242EA31C069664005627D9 /* Resources */,
			);
			buildRules = (
			);
			dependencies = (
			);
			name = ParkingFinder;
			productName = ParkingFinder;
			productReference = 1C242EA51C069664005627D9 /* ParkingFinder.app */;
			productType = "com.apple.product-type.application";
		};
		1C242EB81C069664005627D9 /* ParkingFinderTests */ = {
			isa = PBXNativeTarget;
			buildConfigurationList = 1C242ED01C069665005627D9 /* Build configuration list for PBXNativeTarget "ParkingFinderTests" */;
			buildPhases = (
				1C242EB51C069664005627D9 /* Sources */,
				1C242EB61C069664005627D9 /* Frameworks */,
				1C242EB71C069664005627D9 /* Resources */,
			);
			buildRules = (
			);
			dependencies = (
				1C242EBB1C069664005627D9 /* PBXTargetDependency */,
			);
			name = ParkingFinderTests;
			productName = ParkingFinderTests;
			productReference = 1C242EB91C069664005627D9 /* ParkingFinderTests.xctest */;
			productType = "com.apple.product-type.bundle.unit-test";
		};
		1C242EC31C069665005627D9 /* ParkingFinderUITests */ = {
			isa = PBXNativeTarget;
			buildConfigurationList = 1C242ED31C069665005627D9 /* Build configuration list for PBXNativeTarget "ParkingFinderUITests" */;
			buildPhases = (
				1C242EC01C069665005627D9 /* Sources */,
				1C242EC11C069665005627D9 /* Frameworks */,
				1C242EC21C069665005627D9 /* Resources */,
			);
			buildRules = (
			);
			dependencies = (
				1C242EC61C069665005627D9 /* PBXTargetDependency */,
			);
			name = ParkingFinderUITests;
			productName = ParkingFinderUITests;
			productReference = 1C242EC41C069665005627D9 /* ParkingFinderUITests.xctest */;
			productType = "com.apple.product-type.bundle.ui-testing";
		};
/* End PBXNativeTarget section */

/* Begin PBXProject section */
		1C242E9D1C069664005627D9 /* Project object */ = {
			isa = PBXProject;
			attributes = {
				LastSwiftUpdateCheck = 0710;
				LastUpgradeCheck = 0710;
				ORGANIZATIONNAME = "shaun Haque";
				TargetAttributes = {
					1C242EA41C069664005627D9 = {
						CreatedOnToolsVersion = 7.1.1;
						DevelopmentTeam = QPUL3KUF52;
					};
					1C242EB81C069664005627D9 = {
						CreatedOnToolsVersion = 7.1.1;
						DevelopmentTeam = QPUL3KUF52;
						TestTargetID = 1C242EA41C069664005627D9;
					};
					1C242EC31C069665005627D9 = {
						CreatedOnToolsVersion = 7.1.1;
						DevelopmentTeam = QPUL3KUF52;
						TestTargetID = 1C242EA41C069664005627D9;
					};
				};
			};
			buildConfigurationList = 1C242EA01C069664005627D9 /* Build configuration list for PBXProject "ParkingFinder" */;
			compatibilityVersion = "Xcode 3.2";
			developmentRegion = English;
			hasScannedForEncodings = 0;
			knownRegions = (
				en,
				Base,
			);
			mainGroup = 1C242E9C1C069664005627D9;
			productRefGroup = 1C242EA61C069664005627D9 /* Products */;
			projectDirPath = "";
			projectRoot = "";
			targets = (
				1C242EA41C069664005627D9 /* ParkingFinder */,
				1C242EB81C069664005627D9 /* ParkingFinderTests */,
				1C242EC31C069665005627D9 /* ParkingFinderUITests */,
			);
		};
/* End PBXProject section */

/* Begin PBXResourcesBuildPhase section */
		1C242EA31C069664005627D9 /* Resources */ = {
			isa = PBXResourcesBuildPhase;
			buildActionMask = 2147483647;
			files = (
				1C242EFA1C06AE69005627D9 /* Drawing (10).png in Resources */,
				1C242EDC1C069C4F005627D9 /* logo.gif in Resources */,
				1C242EB31C069664005627D9 /* LaunchScreen.storyboard in Resources */,
				1C242EF81C06AD60005627D9 /* Drawing (9).png in Resources */,
				1C242EEA1C06A05E005627D9 /* Drawing (3).png in Resources */,
				1C242EB01C069664005627D9 /* Assets.xcassets in Resources */,
				1C242EAE1C069664005627D9 /* Main.storyboard in Resources */,
				1C242EEE1C06A3E5005627D9 /* Drawing (5).png in Resources */,
				1C242EE41C069E98005627D9 /* button2.png in Resources */,
				1C242EF21C06A9AF005627D9 /* arrowforward.png in Resources */,
				1C242EF41C06AA38005627D9 /* backarrow.png in Resources */,
				1C242EDE1C069D32005627D9 /* power.jpeg in Resources */,
				1C242ED71C069714005627D9 /* darkbackground.png in Resources */,
				1C242EE61C069F54005627D9 /* button.png in Resources */,
				1C242EE81C069FD1005627D9 /* Drawing (2).png in Resources */,
			);
			runOnlyForDeploymentPostprocessing = 0;
		};
		1C242EB71C069664005627D9 /* Resources */ = {
			isa = PBXResourcesBuildPhase;
			buildActionMask = 2147483647;
			files = (
			);
			runOnlyForDeploymentPostprocessing = 0;
		};
		1C242EC21C069665005627D9 /* Resources */ = {
			isa = PBXResourcesBuildPhase;
			buildActionMask = 2147483647;
			files = (
			);
			runOnlyForDeploymentPostprocessing = 0;
		};
/* End PBXResourcesBuildPhase section */

/* Begin PBXSourcesBuildPhase section */
		1C242EA11C069664005627D9 /* Sources */ = {
			isa = PBXSourcesBuildPhase;
			buildActionMask = 2147483647;
			files = (
				1C242EF01C06A6CA005627D9 /* map.swift in Sources */,
				1C242EAB1C069664005627D9 /* ViewController.swift in Sources */,
				1C242EA91C069664005627D9 /* AppDelegate.swift in Sources */,
			);
			runOnlyForDeploymentPostprocessing = 0;
		};
		1C242EB51C069664005627D9 /* Sources */ = {
			isa = PBXSourcesBuildPhase;
			buildActionMask = 2147483647;
			files = (
				1C242EBE1C069664005627D9 /* ParkingFinderTests.swift in Sources */,
			);
			runOnlyForDeploymentPostprocessing = 0;
		};
		1C242EC01C069665005627D9 /* Sources */ = {
			isa = PBXSourcesBuildPhase;
			buildActionMask = 2147483647;
			files = (
				1C242EC91C069665005627D9 /* ParkingFinderUITests.swift in Sources */,
			);
			runOnlyForDeploymentPostprocessing = 0;
		};
/* End PBXSourcesBuildPhase section */

/* Begin PBXTargetDependency section */
		1C242EBB1C069664005627D9 /* PBXTargetDependency */ = {
			isa = PBXTargetDependency;
			target = 1C242EA41C069664005627D9 /* ParkingFinder */;
			targetProxy = 1C242EBA1C069664005627D9 /* PBXContainerItemProxy */;
		};
		1C242EC61C069665005627D9 /* PBXTargetDependency */ = {
			isa = PBXTargetDependency;
			target = 1C242EA41C069664005627D9 /* ParkingFinder */;
			targetProxy = 1C242EC51C069665005627D9 /* PBXContainerItemProxy */;
		};
/* End PBXTargetDependency section */

/* Begin PBXVariantGroup section */
		1C242EAC1C069664005627D9 /* Main.storyboard */ = {
			isa = PBXVariantGroup;
			children = (
				1C242EAD1C069664005627D9 /* Base */,
			);
			name = Main.storyboard;
			sourceTree = "<group>";
		};
		1C242EB11C069664005627D9 /* LaunchScreen.storyboard */ = {
			isa = PBXVariantGroup;
			children = (
				1C242EB21C069664005627D9 /* Base */,
			);
			name = LaunchScreen.storyboard;
			sourceTree = "<group>";
		};
/* End PBXVariantGroup section */

/* Begin XCBuildConfiguration section */
		1C242ECB1C069665005627D9 /* Debug */ = {
			isa = XCBuildConfiguration;
			buildSettings = {
				ALWAYS_SEARCH_USER_PATHS = NO;
				CLANG_CXX_LANGUAGE_STANDARD = "gnu++0x";
				CLANG_CXX_LIBRARY = "libc++";
				CLANG_ENABLE_MODULES = YES;
				CLANG_ENABLE_OBJC_ARC = YES;
				CLANG_WARN_BOOL_CONVERSION = YES;
				CLANG_WARN_CONSTANT_CONVERSION = YES;
				CLANG_WARN_DIRECT_OBJC_ISA_USAGE = YES_ERROR;
				CLANG_WARN_EMPTY_BODY = YES;
				CLANG_WARN_ENUM_CONVERSION = YES;
				CLANG_WARN_INT_CONVERSION = YES;
				CLANG_WARN_OBJC_ROOT_CLASS = YES_ERROR;
				CLANG_WARN_UNREACHABLE_CODE = YES;
				CLANG_WARN__DUPLICATE_METHOD_MATCH = YES;
				"CODE_SIGN_IDENTITY[sdk=iphoneos*]" = "iPhone Developer";
				COPY_PHASE_STRIP = NO;
				DEBUG_INFORMATION_FORMAT = dwarf;
				ENABLE_STRICT_OBJC_MSGSEND = YES;
				ENABLE_TESTABILITY = YES;
				GCC_C_LANGUAGE_STANDARD = gnu99;
				GCC_DYNAMIC_NO_PIC = NO;
				GCC_NO_COMMON_BLOCKS = YES;
				GCC_OPTIMIZATION_LEVEL = 0;
				GCC_PREPROCESSOR_DEFINITIONS = (
					"DEBUG=1",
					"$(inherited)",
				);
				GCC_WARN_64_TO_32_BIT_CONVERSION = YES;
				GCC_WARN_ABOUT_RETURN_TYPE = YES_ERROR;
				GCC_WARN_UNDECLARED_SELECTOR = YES;
				GCC_WARN_UNINITIALIZED_AUTOS = YES_AGGRESSIVE;
				GCC_WARN_UNUSED_FUNCTION = YES;
				GCC_WARN_UNUSED_VARIABLE = YES;
				IPHONEOS_DEPLOYMENT_TARGET = 9.1;
				MTL_ENABLE_DEBUG_INFO = YES;
				ONLY_ACTIVE_ARCH = YES;
				SDKROOT = iphoneos;
				SWIFT_OPTIMIZATION_LEVEL = "-Onone";
			};
			name = Debug;
		};
		1C242ECC1C069665005627D9 /* Release */ = {
			isa = XCBuildConfiguration;
			buildSettings = {
				ALWAYS_SEARCH_USER_PATHS = NO;
				CLANG_CXX_LANGUAGE_STANDARD = "gnu++0x";
				CLANG_CXX_LIBRARY = "libc++";
				CLANG_ENABLE_MODULES = YES;
				CLANG_ENABLE_OBJC_ARC = YES;
				CLANG_WARN_BOOL_CONVERSION = YES;
				CLANG_WARN_CONSTANT_CONVERSION = YES;
				CLANG_WARN_DIRECT_OBJC_ISA_USAGE = YES_ERROR;
				CLANG_WARN_EMPTY_BODY = YES;
				CLANG_WARN_ENUM_CONVERSION = YES;
				CLANG_WARN_INT_CONVERSION = YES;
				CLANG_WARN_OBJC_ROOT_CLASS = YES_ERROR;
				CLANG_WARN_UNREACHABLE_CODE = YES;
				CLANG_WARN__DUPLICATE_METHOD_MATCH = YES;
				"CODE_SIGN_IDENTITY[sdk=iphoneos*]" = "iPhone Developer";
				COPY_PHASE_STRIP = NO;
				DEBUG_INFORMATION_FORMAT = "dwarf-with-dsym";
				ENABLE_NS_ASSERTIONS = NO;
				ENABLE_STRICT_OBJC_MSGSEND = YES;
				GCC_C_LANGUAGE_STANDARD = gnu99;
				GCC_NO_COMMON_BLOCKS = YES;
				GCC_WARN_64_TO_32_BIT_CONVERSION = YES;
				GCC_WARN_ABOUT_RETURN_TYPE = YES_ERROR;
				GCC_WARN_UNDECLARED_SELECTOR = YES;
				GCC_WARN_UNINITIALIZED_AUTOS = YES_AGGRESSIVE;
				GCC_WARN_UNUSED_FUNCTION = YES;
				GCC_WARN_UNUSED_VARIABLE = YES;
				IPHONEOS_DEPLOYMENT_TARGET = 9.1;
				MTL_ENABLE_DEBUG_INFO = NO;
				SDKROOT = iphoneos;
				VALIDATE_PRODUCT = YES;
			};
			name = Release;
		};
		1C242ECE1C069665005627D9 /* Debug */ = {
			isa = XCBuildConfiguration;
			buildSettings = {
				ASSETCATALOG_COMPILER_APPICON_NAME = AppIcon;
				INFOPLIST_FILE = ParkingFinder/Info.plist;
				LD_RUNPATH_SEARCH_PATHS = "$(inherited) @executable_path/Frameworks";
				PRODUCT_BUNDLE_IDENTIFIER = tk.shaunhaque.ParkingFinder;
				PRODUCT_NAME = "$(TARGET_NAME)";
			};
			name = Debug;
		};
		1C242ECF1C069665005627D9 /* Release */ = {
			isa = XCBuildConfiguration;
			buildSettings = {
				ASSETCATALOG_COMPILER_APPICON_NAME = AppIcon;
				INFOPLIST_FILE = ParkingFinder/Info.plist;
				LD_RUNPATH_SEARCH_PATHS = "$(inherited) @executable_path/Frameworks";
				PRODUCT_BUNDLE_IDENTIFIER = tk.shaunhaque.ParkingFinder;
				PRODUCT_NAME = "$(TARGET_NAME)";
			};
			name = Release;
		};
		1C242ED11C069665005627D9 /* Debug */ = {
			isa = XCBuildConfiguration;
			buildSettings = {
				BUNDLE_LOADER = "$(TEST_HOST)";
				INFOPLIST_FILE = ParkingFinderTests/Info.plist;
				LD_RUNPATH_SEARCH_PATHS = "$(inherited) @executable_path/Frameworks @loader_path/Frameworks";
				PRODUCT_BUNDLE_IDENTIFIER = tk.shaunhaque.ParkingFinderTests;
				PRODUCT_NAME = "$(TARGET_NAME)";
				TEST_HOST = "$(BUILT_PRODUCTS_DIR)/ParkingFinder.app/ParkingFinder";
			};
			name = Debug;
		};
		1C242ED21C069665005627D9 /* Release */ = {
			isa = XCBuildConfiguration;
			buildSettings = {
				BUNDLE_LOADER = "$(TEST_HOST)";
				INFOPLIST_FILE = ParkingFinderTests/Info.plist;
				LD_RUNPATH_SEARCH_PATHS = "$(inherited) @executable_path/Frameworks @loader_path/Frameworks";
				PRODUCT_BUNDLE_IDENTIFIER = tk.shaunhaque.ParkingFinderTests;
				PRODUCT_NAME = "$(TARGET_NAME)";
				TEST_HOST = "$(BUILT_PRODUCTS_DIR)/ParkingFinder.app/ParkingFinder";
			};
			name = Release;
		};
		1C242ED41C069665005627D9 /* Debug */ = {
			isa = XCBuildConfiguration;
			buildSettings = {
				INFOPLIST_FILE = ParkingFinderUITests/Info.plist;
				LD_RUNPATH_SEARCH_PATHS = "$(inherited) @executable_path/Frameworks @loader_path/Frameworks";
				PRODUCT_BUNDLE_IDENTIFIER = tk.shaunhaque.ParkingFinderUITests;
				PRODUCT_NAME = "$(TARGET_NAME)";
				TEST_TARGET_NAME = ParkingFinder;
				USES_XCTRUNNER = YES;
			};
			name = Debug;
		};
		1C242ED51C069665005627D9 /* Release */ = {
			isa = XCBuildConfiguration;
			buildSettings = {
				INFOPLIST_FILE = ParkingFinderUITests/Info.plist;
				LD_RUNPATH_SEARCH_PATHS = "$(inherited) @executable_path/Frameworks @loader_path/Frameworks";
				PRODUCT_BUNDLE_IDENTIFIER = tk.shaunhaque.ParkingFinderUITests;
				PRODUCT_NAME = "$(TARGET_NAME)";
				TEST_TARGET_NAME = ParkingFinder;
				USES_XCTRUNNER = YES;
			};
			name = Release;
		};
/* End XCBuildConfiguration section */

/* Begin XCConfigurationList section */
		1C242EA01C069664005627D9 /* Build configuration list for PBXProject "ParkingFinder" */ = {
			isa = XCConfigurationList;
			buildConfigurations = (
				1C242ECB1C069665005627D9 /* Debug */,
				1C242ECC1C069665005627D9 /* Release */,
			);
			defaultConfigurationIsVisible = 0;
			defaultConfigurationName = Release;
		};
		1C242ECD1C069665005627D9 /* Build configuration list for PBXNativeTarget "ParkingFinder" */ = {
			isa = XCConfigurationList;
			buildConfigurations = (
				1C242ECE1C069665005627D9 /* Debug */,
				1C242ECF1C069665005627D9 /* Release */,
			);
			defaultConfigurationIsVisible = 0;
		};
		1C242ED01C069665005627D9 /* Build configuration list for PBXNativeTarget "ParkingFinderTests" */ = {
			isa = XCConfigurationList;
			buildConfigurations = (
				1C242ED11C069665005627D9 /* Debug */,
				1C242ED21C069665005627D9 /* Release */,
			);
			defaultConfigurationIsVisible = 0;
		};
		1C242ED31C069665005627D9 /* Build configuration list for PBXNativeTarget "ParkingFinderUITests" */ = {
			isa = XCConfigurationList;
			buildConfigurations = (
				1C242ED41C069665005627D9 /* Debug */,
				1C242ED51C069665005627D9 /* Release */,
			);
			defaultConfigurationIsVisible = 0;
		};
/* End XCConfigurationList section */
	};
	rootObject = 1C242E9D1C069664005627D9 /* Project object */;
}
